
Microsoft Visual Studio Solution File, Format Version 12.00
# Visual Studio 14
VisualStudioVersion = 14.0.25420.1
MinimumVisualStudioVersion = 10.0.40219.1
Project("{FAE04EC0-301F-11D3-BF4B-00C04F79EFBC}") = "MIS320_Team7Project_Fall2016", "MIS320_Team7Project_Fall2016\MIS320_Team7Project_Fall2016.csproj", "{81AEE16C-580C-416A-B3F5-E096D5BC8C05}"
EndProject
Project("{FAE04EC0-301F-11D3-BF4B-00C04F79EFBC}") = "MIS320_Team7Project_Fall2016.Tests", "MIS320_Team7Project_Fall2016.Tests\MIS320_Team7Project_Fall2016.Tests.csproj", "{C01466B9-546D-44B7-91E4-F6DA32E93042}"
EndProject
Global
	GlobalSection(SolutionConfigurationPlatforms) = preSolution
		Debug|Any CPU = Debug|Any CPU
		Release|Any CPU = Release|Any CPU
	EndGlobalSection
	GlobalSection(ProjectConfigurationPlatforms) = postSolution
		{81AEE16C-580C-416A-B3F5-E096D5BC8C05}.Debug|Any CPU.ActiveCfg = Debug|Any CPU
		{81AEE16C-580C-416A-B3F5-E096D5BC8C05}.Debug|Any CPU.Build.0 = Debug|Any CPU
		{81AEE16C-580C-416A-B3F5-E096D5BC8C05}.Release|Any CPU.ActiveCfg = Release|Any CPU
		{81AEE16C-580C-416A-B3F5-E096D5BC8C05}.Release|Any CPU.Build.0 = Release|Any CPU
		{C01466B9-546D-44B7-91E4-F6DA32E93042}.Debug|Any CPU.ActiveCfg = Debug|Any CPU
		{C01466B9-546D-44B7-91E4-F6DA32E93042}.Debug|Any CPU.Build.0 = Debug|Any CPU
		{C01466B9-546D-44B7-91E4-F6DA32E93042}.Release|Any CPU.ActiveCfg = Release|Any CPU
		{C01466B9-546D-44B7-91E4-F6DA32E93042}.Release|Any CPU.Build.0 = Release|Any CPU
	EndGlobalSection
	GlobalSection(SolutionProperties) = preSolution
		HideSolutionNode = FALSE
	EndGlobalSection
EndGlobal
